// !$*UTF8*$!
{
	archiveVersion = 1;
	classes = {
	};
	objectVersion = 50;
	objects = {

/* Begin PBXBuildFile section */
		27553CE3245AFEAB00100D7C /* missions.json in Resources */ = {isa = PBXBuildFile; fileRef = 27553CE1245AFEAB00100D7C /* missions.json */; };
		27553CE5245AFF3D00100D7C /* Astronaut.swift in Sources */ = {isa = PBXBuildFile; fileRef = 27553CE4245AFF3D00100D7C /* Astronaut.swift */; };
		27553CE7245AFFA300100D7C /* Bundle-Decodable.swift in Sources */ = {isa = PBXBuildFile; fileRef = 27553CE6245AFFA300100D7C /* Bundle-Decodable.swift */; };
		27553CE9245B016600100D7C /* astronauts.json in Resources */ = {isa = PBXBuildFile; fileRef = 27553CE8245B016600100D7C /* astronauts.json */; };
		275755A024534AAD001D9CD5 /* AppDelegate.swift in Sources */ = {isa = PBXBuildFile; fileRef = 2757559F24534AAD001D9CD5 /* AppDelegate.swift */; };
		275755A224534AAD001D9CD5 /* SceneDelegate.swift in Sources */ = {isa = PBXBuildFile; fileRef = 275755A124534AAD001D9CD5 /* SceneDelegate.swift */; };
		275755A424534AAD001D9CD5 /* ContentView.swift in Sources */ = {isa = PBXBuildFile; fileRef = 275755A324534AAD001D9CD5 /* ContentView.swift */; };
		275755A624534AB3001D9CD5 /* Assets.xcassets in Resources */ = {isa = PBXBuildFile; fileRef = 275755A524534AB3001D9CD5 /* Assets.xcassets */; };
		275755A924534AB3001D9CD5 /* Preview Assets.xcassets in Resources */ = {isa = PBXBuildFile; fileRef = 275755A824534AB3001D9CD5 /* Preview Assets.xcassets */; };
		275755AC24534AB3001D9CD5 /* LaunchScreen.storyboard in Resources */ = {isa = PBXBuildFile; fileRef = 275755AA24534AB3001D9CD5 /* LaunchScreen.storyboard */; };
		277A87AA245FFF710023B240 /* Mission.swift in Sources */ = {isa = PBXBuildFile; fileRef = 277A87A9245FFF710023B240 /* Mission.swift */; };
		277A87AE24605F170023B240 /* MissionView.swift in Sources */ = {isa = PBXBuildFile; fileRef = 277A87AD24605F170023B240 /* MissionView.swift */; };
		277A87B0246061720023B240 /* AstronautView.swift in Sources */ = {isa = PBXBuildFile; fileRef = 277A87AF246061720023B240 /* AstronautView.swift */; };
/* End PBXBuildFile section */

/* Begin PBXFileReference section */
		27552A402461325200A995DF /* Moonshot.entitlements */ = {isa = PBXFileReference; lastKnownFileType = text.plist.entitlements; path = Moonshot.entitlements; sourceTree = "<group>"; };
		27553CE1245AFEAB00100D7C /* missions.json */ = {isa = PBXFileReference; fileEncoding = 4; lastKnownFileType = text.json; path = missions.json; sourceTree = "<group>"; };
		27553CE4245AFF3D00100D7C /* Astronaut.swift */ = {isa = PBXFileReference; lastKnownFileType = sourcecode.swift; path = Astronaut.swift; sourceTree = "<group>"; };
		27553CE6245AFFA300100D7C /* Bundle-Decodable.swift */ = {isa = PBXFileReference; lastKnownFileType = sourcecode.swift; path = "Bundle-Decodable.swift"; sourceTree = "<group>"; };
		27553CE8245B016600100D7C /* astronauts.json */ = {isa = PBXFileReference; fileEncoding = 4; lastKnownFileType = text.json; path = astronauts.json; sourceTree = "<group>"; };
		2757559C24534AAD001D9CD5 /* Moonshot.app */ = {isa = PBXFileReference; explicitFileType = wrapper.application; includeInIndex = 0; path = Moonshot.app; sourceTree = BUILT_PRODUCTS_DIR; };
		2757559F24534AAD001D9CD5 /* AppDelegate.swift */ = {isa = PBXFileReference; lastKnownFileType = sourcecode.swift; path = AppDelegate.swift; sourceTree = "<group>"; };
		275755A124534AAD001D9CD5 /* SceneDelegate.swift */ = {isa = PBXFileReference; lastKnownFileType = sourcecode.swift; path = SceneDelegate.swift; sourceTree = "<group>"; };
		275755A324534AAD001D9CD5 /* ContentView.swift */ = {isa = PBXFileReference; lastKnownFileType = sourcecode.swift; path = ContentView.swift; sourceTree = "<group>"; };
		275755A524534AB3001D9CD5 /* Assets.xcassets */ = {isa = PBXFileReference; lastKnownFileType = folder.assetcatalog; path = Assets.xcassets; sourceTree = "<group>"; };
		275755A824534AB3001D9CD5 /* Preview Assets.xcassets */ = {isa = PBXFileReference; lastKnownFileType = folder.assetcatalog; path = "Preview Assets.xcassets"; sourceTree = "<group>"; };
		275755AB24534AB3001D9CD5 /* Base */ = {isa = PBXFileReference; lastKnownFileType = file.storyboard; name = Base; path = Base.lproj/LaunchScreen.storyboard; sourceTree = "<group>"; };
		275755AD24534AB3001D9CD5 /* Info.plist */ = {isa = PBXFileReference; lastKnownFileType = text.plist.xml; path = Info.plist; sourceTree = "<group>"; };
		277A87A9245FFF710023B240 /* Mission.swift */ = {isa = PBXFileReference; lastKnownFileType = sourcecode.swift; path = Mission.swift; sourceTree = "<group>"; };
		277A87AD24605F170023B240 /* MissionView.swift */ = {isa = PBXFileReference; lastKnownFileType = sourcecode.swift; path = MissionView.swift; sourceTree = "<group>"; };
		277A87AF246061720023B240 /* AstronautView.swift */ = {isa = PBXFileReference; lastKnownFileType = sourcecode.swift; path = AstronautView.swift; sourceTree = "<group>"; };
/* End PBXFileReference section */

/* Begin PBXFrameworksBuildPhase section */
		2757559924534AAD001D9CD5 /* Frameworks */ = {
			isa = PBXFrameworksBuildPhase;
			buildActionMask = 2147483647;
			files = (
			);
			runOnlyForDeploymentPostprocessing = 0;
		};
/* End PBXFrameworksBuildPhase section */

/* Begin PBXGroup section */
		2757559324534AAD001D9CD5 = {
			isa = PBXGroup;
			children = (
				2757559E24534AAD001D9CD5 /* Moonshot */,
				2757559D24534AAD001D9CD5 /* Products */,
			);
			sourceTree = "<group>";
		};
		2757559D24534AAD001D9CD5 /* Products */ = {
			isa = PBXGroup;
			children = (
				2757559C24534AAD001D9CD5 /* Moonshot.app */,
			);
			name = Products;
			sourceTree = "<group>";
		};
		2757559E24534AAD001D9CD5 /* Moonshot */ = {
			isa = PBXGroup;
			children = (
				27552A402461325200A995DF /* Moonshot.entitlements */,
				277A87AC24605F0B0023B240 /* SwiftUI */,
				277A87AB245FFF860023B240 /* JsonFile */,
				277A87A8245FFF620023B240 /* Model */,
				2757559F24534AAD001D9CD5 /* AppDelegate.swift */,
				275755A124534AAD001D9CD5 /* SceneDelegate.swift */,
				275755A524534AB3001D9CD5 /* Assets.xcassets */,
				275755AA24534AB3001D9CD5 /* LaunchScreen.storyboard */,
				275755AD24534AB3001D9CD5 /* Info.plist */,
				275755A724534AB3001D9CD5 /* Preview Content */,
				27553CE6245AFFA300100D7C /* Bundle-Decodable.swift */,
			);
			path = Moonshot;
			sourceTree = "<group>";
		};
		275755A724534AB3001D9CD5 /* Preview Content */ = {
			isa = PBXGroup;
			children = (
				275755A824534AB3001D9CD5 /* Preview Assets.xcassets */,
			);
			path = "Preview Content";
			sourceTree = "<group>";
		};
		277A87A8245FFF620023B240 /* Model */ = {
			isa = PBXGroup;
			children = (
				277A87A9245FFF710023B240 /* Mission.swift */,
				27553CE4245AFF3D00100D7C /* Astronaut.swift */,
			);
			path = Model;
			sourceTree = "<group>";
		};
		277A87AB245FFF860023B240 /* JsonFile */ = {
			isa = PBXGroup;
			children = (
				27553CE1245AFEAB00100D7C /* missions.json */,
				27553CE8245B016600100D7C /* astronauts.json */,
			);
			path = JsonFile;
			sourceTree = "<group>";
		};
		277A87AC24605F0B0023B240 /* SwiftUI */ = {
			isa = PBXGroup;
			children = (
				275755A324534AAD001D9CD5 /* ContentView.swift */,
				277A87AD24605F170023B240 /* MissionView.swift */,
				277A87AF246061720023B240 /* AstronautView.swift */,
			);
			path = SwiftUI;
			sourceTree = "<group>";
		};
/* End PBXGroup section */

/* Begin PBXNativeTarget section */
		2757559B24534AAD001D9CD5 /* Moonshot */ = {
			isa = PBXNativeTarget;
			buildConfigurationList = 275755B024534AB3001D9CD5 /* Build configuration list for PBXNativeTarget "Moonshot" */;
			buildPhases = (
				2757559824534AAD001D9CD5 /* Sources */,
				2757559924534AAD001D9CD5 /* Frameworks */,
				2757559A24534AAD001D9CD5 /* Resources */,
			);
			buildRules = (
			);
			dependencies = (
			);
			name = Moonshot;
			productName = Moonshot;
			productReference = 2757559C24534AAD001D9CD5 /* Moonshot.app */;
			productType = "com.apple.product-type.application";
		};
/* End PBXNativeTarget section */

/* Begin PBXProject section */
		2757559424534AAD001D9CD5 /* Project object */ = {
			isa = PBXProject;
			attributes = {
				LastSwiftUpdateCheck = 1120;
				LastUpgradeCheck = 1120;
				ORGANIZATIONNAME = Pradeep;
				TargetAttributes = {
					2757559B24534AAD001D9CD5 = {
						CreatedOnToolsVersion = 11.2.1;
					};
				};
			};
			buildConfigurationList = 2757559724534AAD001D9CD5 /* Build configuration list for PBXProject "Moonshot" */;
			compatibilityVersion = "Xcode 9.3";
			developmentRegion = en;
			hasScannedForEncodings = 0;
			knownRegions = (
				en,
				Base,
			);
			mainGroup = 2757559324534AAD001D9CD5;
			productRefGroup = 2757559D24534AAD001D9CD5 /* Products */;
			projectDirPath = "";
			projectRoot = "";
			targets = (
				2757559B24534AAD001D9CD5 /* Moonshot */,
			);
		};
/* End PBXProject section */

/* Begin PBXResourcesBuildPhase section */
		2757559A24534AAD001D9CD5 /* Resources */ = {
			isa = PBXResourcesBuildPhase;
			buildActionMask = 2147483647;
			files = (
				275755AC24534AB3001D9CD5 /* LaunchScreen.storyboard in Resources */,
				27553CE3245AFEAB00100D7C /* missions.json in Resources */,
				275755A924534AB3001D9CD5 /* Preview Assets.xcassets in Resources */,
				27553CE9245B016600100D7C /* astronauts.json in Resources */,
				275755A624534AB3001D9CD5 /* Assets.xcassets in Resources */,
			);
			runOnlyForDeploymentPostprocessing = 0;
		};
/* End PBXResourcesBuildPhase section */

/* Begin PBXSourcesBuildPhase section */
		2757559824534AAD001D9CD5 /* Sources */ = {
			isa = PBXSourcesBuildPhase;
			buildActionMask = 2147483647;
			files = (
				277A87AE24605F170023B240 /* MissionView.swift in Sources */,
				277A87AA245FFF710023B240 /* Mission.swift in Sources */,
				277A87B0246061720023B240 /* AstronautView.swift in Sources */,
				275755A024534AAD001D9CD5 /* AppDelegate.swift in Sources */,
				275755A224534AAD001D9CD5 /* SceneDelegate.swift in Sources */,
				27553CE7245AFFA300100D7C /* Bundle-Decodable.swift in Sources */,
				275755A424534AAD001D9CD5 /* ContentView.swift in Sources */,
				27553CE5245AFF3D00100D7C /* Astronaut.swift in Sources */,
			);
			runOnlyForDeploymentPostprocessing = 0;
		};
/* End PBXSourcesBuildPhase section */

/* Begin PBXVariantGroup section */
		275755AA24534AB3001D9CD5 /* LaunchScreen.storyboard */ = {
			isa = PBXVariantGroup;
			children = (
				275755AB24534AB3001D9CD5 /* Base */,
			);
			name = LaunchScreen.storyboard;
			sourceTree = "<group>";
		};
/* End PBXVariantGroup section */

/* Begin XCBuildConfiguration section */
		275755AE24534AB3001D9CD5 /* Debug */ = {
			isa = XCBuildConfiguration;
			buildSettings = {
				ALWAYS_SEARCH_USER_PATHS = NO;
				CLANG_ANALYZER_NONNULL = YES;
				CLANG_ANALYZER_NUMBER_OBJECT_CONVERSION = YES_AGGRESSIVE;
				CLANG_CXX_LANGUAGE_STANDARD = "gnu++14";
				CLANG_CXX_LIBRARY = "libc++";
				CLANG_ENABLE_MODULES = YES;
				CLANG_ENABLE_OBJC_ARC = YES;
				CLANG_ENABLE_OBJC_WEAK = YES;
				CLANG_WARN_BLOCK_CAPTURE_AUTORELEASING = YES;
				CLANG_WARN_BOOL_CONVERSION = YES;
				CLANG_WARN_COMMA = YES;
				CLANG_WARN_CONSTANT_CONVERSION = YES;
				CLANG_WARN_DEPRECATED_OBJC_IMPLEMENTATIONS = YES;
				CLANG_WARN_DIRECT_OBJC_ISA_USAGE = YES_ERROR;
				CLANG_WARN_DOCUMENTATION_COMMENTS = YES;
				CLANG_WARN_EMPTY_BODY = YES;
				CLANG_WARN_ENUM_CONVERSION = YES;
				CLANG_WARN_INFINITE_RECURSION = YES;
				CLANG_WARN_INT_CONVERSION = YES;
				CLANG_WARN_NON_LITERAL_NULL_CONVERSION = YES;
				CLANG_WARN_OBJC_IMPLICIT_RETAIN_SELF = YES;
				CLANG_WARN_OBJC_LITERAL_CONVERSION = YES;
				CLANG_WARN_OBJC_ROOT_CLASS = YES_ERROR;
				CLANG_WARN_RANGE_LOOP_ANALYSIS = YES;
				CLANG_WARN_STRICT_PROTOTYPES = YES;
				CLANG_WARN_SUSPICIOUS_MOVE = YES;
				CLANG_WARN_UNGUARDED_AVAILABILITY = YES_AGGRESSIVE;
				CLANG_WARN_UNREACHABLE_CODE = YES;
				CLANG_WARN__DUPLICATE_METHOD_MATCH = YES;
				COPY_PHASE_STRIP = NO;
				DEBUG_INFORMATION_FORMAT = dwarf;
				ENABLE_STRICT_OBJC_MSGSEND = YES;
				ENABLE_TESTABILITY = YES;
				GCC_C_LANGUAGE_STANDARD = gnu11;
				GCC_DYNAMIC_NO_PIC = NO;
				GCC_NO_COMMON_BLOCKS = YES;
				GCC_OPTIMIZATION_LEVEL = 0;
				GCC_PREPROCESSOR_DEFINITIONS = (
					"DEBUG=1",
					"$(inherited)",
				);
				GCC_WARN_64_TO_32_BIT_CONVERSION = YES;
				GCC_WARN_ABOUT_RETURN_TYPE = YES_ERROR;
				GCC_WARN_UNDECLARED_SELECTOR = YES;
				GCC_WARN_UNINITIALIZED_AUTOS = YES_AGGRESSIVE;
				GCC_WARN_UNUSED_FUNCTION = YES;
				GCC_WARN_UNUSED_VARIABLE = YES;
				IPHONEOS_DEPLOYMENT_TARGET = 13.2;
				MTL_ENABLE_DEBUG_INFO = INCLUDE_SOURCE;
				MTL_FAST_MATH = YES;
				ONLY_ACTIVE_ARCH = YES;
				SDKROOT = iphoneos;
				SWIFT_ACTIVE_COMPILATION_CONDITIONS = DEBUG;
				SWIFT_OPTIMIZATION_LEVEL = "-Onone";
			};
			name = Debug;
		};
		275755AF24534AB3001D9CD5 /* Release */ = {
			isa = XCBuildConfiguration;
			buildSettings = {
				ALWAYS_SEARCH_USER_PATHS = NO;
				CLANG_ANALYZER_NONNULL = YES;
				CLANG_ANALYZER_NUMBER_OBJECT_CONVERSION = YES_AGGRESSIVE;
				CLANG_CXX_LANGUAGE_STANDARD = "gnu++14";
				CLANG_CXX_LIBRARY = "libc++";
				CLANG_ENABLE_MODULES = YES;
				CLANG_ENABLE_OBJC_ARC = YES;
				CLANG_ENABLE_OBJC_WEAK = YES;
				CLANG_WARN_BLOCK_CAPTURE_AUTORELEASING = YES;
				CLANG_WARN_BOOL_CONVERSION = YES;
				CLANG_WARN_COMMA = YES;
				CLANG_WARN_CONSTANT_CONVERSION = YES;
				CLANG_WARN_DEPRECATED_OBJC_IMPLEMENTATIONS = YES;
				CLANG_WARN_DIRECT_OBJC_ISA_USAGE = YES_ERROR;
				CLANG_WARN_DOCUMENTATION_COMMENTS = YES;
				CLANG_WARN_EMPTY_BODY = YES;
				CLANG_WARN_ENUM_CONVERSION = YES;
				CLANG_WARN_INFINITE_RECURSION = YES;
				CLANG_WARN_INT_CONVERSION = YES;
				CLANG_WARN_NON_LITERAL_NULL_CONVERSION = YES;
				CLANG_WARN_OBJC_IMPLICIT_RETAIN_SELF = YES;
				CLANG_WARN_OBJC_LITERAL_CONVERSION = YES;
				CLANG_WARN_OBJC_ROOT_CLASS = YES_ERROR;
				CLANG_WARN_RANGE_LOOP_ANALYSIS = YES;
				CLANG_WARN_STRICT_PROTOTYPES = YES;
				CLANG_WARN_SUSPICIOUS_MOVE = YES;
				CLANG_WARN_UNGUARDED_AVAILABILITY = YES_AGGRESSIVE;
				CLANG_WARN_UNREACHABLE_CODE = YES;
				CLANG_WARN__DUPLICATE_METHOD_MATCH = YES;
				COPY_PHASE_STRIP = NO;
				DEBUG_INFORMATION_FORMAT = "dwarf-with-dsym";
				ENABLE_NS_ASSERTIONS = NO;
				ENABLE_STRICT_OBJC_MSGSEND = YES;
				GCC_C_LANGUAGE_STANDARD = gnu11;
				GCC_NO_COMMON_BLOCKS = YES;
				GCC_WARN_64_TO_32_BIT_CONVERSION = YES;
				GCC_WARN_ABOUT_RETURN_TYPE = YES_ERROR;
				GCC_WARN_UNDECLARED_SELECTOR = YES;
				GCC_WARN_UNINITIALIZED_AUTOS = YES_AGGRESSIVE;
				GCC_WARN_UNUSED_FUNCTION = YES;
				GCC_WARN_UNUSED_VARIABLE = YES;
				IPHONEOS_DEPLOYMENT_TARGET = 13.2;
				MTL_ENABLE_DEBUG_INFO = NO;
				MTL_FAST_MATH = YES;
				SDKROOT = iphoneos;
				SWIFT_COMPILATION_MODE = wholemodule;
				SWIFT_OPTIMIZATION_LEVEL = "-O";
				VALIDATE_PRODUCT = YES;
			};
			name = Release;
		};
		275755B124534AB3001D9CD5 /* Debug */ = {
			isa = XCBuildConfiguration;
			buildSettings = {
				ASSETCATALOG_COMPILER_APPICON_NAME = AppIcon;
				CODE_SIGN_ENTITLEMENTS = Moonshot/Moonshot.entitlements;
				CODE_SIGN_STYLE = Automatic;
				DERIVE_MACCATALYST_PRODUCT_BUNDLE_IDENTIFIER = YES;
				DEVELOPMENT_ASSET_PATHS = "\"Moonshot/Preview Content\"";
				DEVELOPMENT_TEAM = 6BF9ZGVZZA;
				ENABLE_PREVIEWS = YES;
				INFOPLIST_FILE = Moonshot/Info.plist;
				LD_RUNPATH_SEARCH_PATHS = (
					"$(inherited)",
					"@executable_path/Frameworks",
				);
				PRODUCT_BUNDLE_IDENTIFIER = Home.Moonshot;
				PRODUCT_NAME = "$(TARGET_NAME)";
				SUPPORTS_MACCATALYST = YES;
				SWIFT_VERSION = 5.0;
				TARGETED_DEVICE_FAMILY = "1,2";
			};
			name = Debug;
		};
		275755B224534AB3001D9CD5 /* Release */ = {
			isa = XCBuildConfiguration;
			buildSettings = {
				ASSETCATALOG_COMPILER_APPICON_NAME = AppIcon;
				CODE_SIGN_ENTITLEMENTS = Moonshot/Moonshot.entitlements;
				CODE_SIGN_STYLE = Automatic;
				DERIVE_MACCATALYST_PRODUCT_BUNDLE_IDENTIFIER = YES;
				DEVELOPMENT_ASSET_PATHS = "\"Moonshot/Preview Content\"";
				DEVELOPMENT_TEAM = 6BF9ZGVZZA;
				ENABLE_PREVIEWS = YES;
				INFOPLIST_FILE = Moonshot/Info.plist;
				LD_RUNPATH_SEARCH_PATHS = (
					"$(inherited)",
					"@executable_path/Frameworks",
				);
				PRODUCT_BUNDLE_IDENTIFIER = Home.Moonshot;
				PRODUCT_NAME = "$(TARGET_NAME)";
				SUPPORTS_MACCATALYST = YES;
				SWIFT_VERSION = 5.0;
				TARGETED_DEVICE_FAMILY = "1,2";
			};
			name = Release;
		};
/* End XCBuildConfiguration section */

/* Begin XCConfigurationList section */
		2757559724534AAD001D9CD5 /* Build configuration list for PBXProject "Moonshot" */ = {
			isa = XCConfigurationList;
			buildConfigurations = (
				275755AE24534AB3001D9CD5 /* Debug */,
				275755AF24534AB3001D9CD5 /* Release */,
			);
			defaultConfigurationIsVisible = 0;
			defaultConfigurationName = Release;
		};
		275755B024534AB3001D9CD5 /* Build configuration list for PBXNativeTarget "Moonshot" */ = {
			isa = XCConfigurationList;
			buildConfigurations = (
				275755B124534AB3001D9CD5 /* Debug */,
				275755B224534AB3001D9CD5 /* Release */,
			);
			defaultConfigurationIsVisible = 0;
			defaultConfigurationName = Release;
		};
/* End XCConfigurationList section */
	};
	rootObject = 2757559424534AAD001D9CD5 /* Project object */;
}
